<?xml version="1.0" encoding="utf-8"?>
<Project ToolsVersion="4.0" xmlns="http://schemas.microsoft.com/developer/msbuild/2003">
  <ItemGroup>
    <Filter Include="Source Files">
      <UniqueIdentifier>{4FC737F1-C7A5-4376-A066-2A32D752A2FF}</UniqueIdentifier>
      <Extensions>cpp;c;cc;cxx;def;odl;idl;hpj;bat;asm;asmx</Extensions>
    </Filter>
    <Filter Include="Header Files">
      <UniqueIdentifier>{93995380-89BD-4b04-88EB-625FBE52EBFB}</UniqueIdentifier>
      <Extensions>h;hh;hpp;hxx;hm;inl;inc;xsd</Extensions>
    </Filter>
    <Filter Include="Resource Files">
      <UniqueIdentifier>{67DA6AB6-F800-4c08-8B7A-83BB121AAD01}</UniqueIdentifier>
      <Extensions>rc;ico;cur;bmp;dlg;rc2;rct;bin;rgs;gif;jpg;jpeg;jpe;resx;tiff;tif;png;wav;mfcribbon-ms</Extensions>
    </Filter>
    <Filter Include="Header Files\Learning">
      <UniqueIdentifier>{606bf56c-4dbf-48b0-a562-cbd527d890e9}</UniqueIdentifier>
    </Filter>
    <Filter Include="Source Files\Learning">
      <UniqueIdentifier>{a982b7c2-e22a-4f37-9b0c-c1cfef058782}</UniqueIdentifier>
    </Filter>
    <Filter Include="Header Files\Testing">
      <UniqueIdentifier>{aad0855b-e88b-40a8-9b01-1b65866e2bdc}</UniqueIdentifier>
    </Filter>
    <Filter Include="Source Files\Testing">
      <UniqueIdentifier>{47fd8799-77e4-4eca-9734-9d75831f8687}</UniqueIdentifier>
    </Filter>
  </ItemGroup>
  <ItemGroup>
    <ClInclude Include="Math.h">
      <Filter>Header Files</Filter>
    </ClInclude>
    <ClInclude Include="Statistics.h">
      <Filter>Header Files</Filter>
    </ClInclude>
    <ClInclude Include="Types.h">
      <Filter>Header Files</Filter>
    </ClInclude>
    <ClInclude Include="DifferentiatingFeaturesEstimator.h">
      <Filter>Header Files\Learning</Filter>
    </ClInclude>
    <ClInclude Include="StatisticalIndex.h">
      <Filter>Header Files\Testing</Filter>
    </ClInclude>
    <ClInclude Include="InconsistentNumberOfFeaturesException.h">
      <Filter>Header Files</Filter>
    </ClInclude>
    <ClInclude Include="ValuesHomogeneityEstimator.h">
      <Filter>Header Files\Testing</Filter>
    </ClInclude>
  </ItemGroup>
  <ItemGroup>
    <None Include="packages.config" />
  </ItemGroup>
  <ItemGroup>
    <ClCompile Include="DifferentiatingFeaturesEstimator.cpp">
      <Filter>Source Files\Learning</Filter>
    </ClCompile>
    <ClCompile Include="StatisticalIndex.cpp">
      <Filter>Source Files\Testing</Filter>
    </ClCompile>
    <ClCompile Include="InconsistentNumberOfFeaturesException.cpp">
      <Filter>Source Files</Filter>
    </ClCompile>
  </ItemGroup>
</Project>