<?xml version="1.0" encoding="utf-8"?>
<Project ToolsVersion="4.0" xmlns="http://schemas.microsoft.com/developer/msbuild/2003">
  <ItemGroup>
    <Filter Include="Source Files">
      <UniqueIdentifier>{4FC737F1-C7A5-4376-A066-2A32D752A2FF}</UniqueIdentifier>
      <Extensions>cpp;c;cc;cxx;def;odl;idl;hpj;bat;asm;asmx</Extensions>
    </Filter>
    <Filter Include="Header Files">
      <UniqueIdentifier>{93995380-89BD-4b04-88EB-625FBE52EBFB}</UniqueIdentifier>
      <Extensions>h;hh;hpp;hxx;hm;inl;inc;xsd</Extensions>
    </Filter>
    <Filter Include="Resource Files">
      <UniqueIdentifier>{67DA6AB6-F800-4c08-8B7A-83BB121AAD01}</UniqueIdentifier>
      <Extensions>rc;ico;cur;bmp;dlg;rc2;rct;bin;rgs;gif;jpg;jpeg;jpe;resx;tiff;tif;png;wav;mfcribbon-ms</Extensions>
    </Filter>
    <Filter Include="Header Files\Exceptions">
      <UniqueIdentifier>{5bedc81d-e7c3-4673-8929-c00f71a4ddd9}</UniqueIdentifier>
    </Filter>
    <Filter Include="Source Files\Exceptions">
      <UniqueIdentifier>{e7ef017c-cb25-40a1-9ba7-87fc1d9d6877}</UniqueIdentifier>
    </Filter>
    <Filter Include="Header Files\Classifiers">
      <UniqueIdentifier>{cf4eb121-1f52-4b53-bade-3bb048a7dea5}</UniqueIdentifier>
    </Filter>
    <Filter Include="Source Files\Classifiers">
      <UniqueIdentifier>{c0f53c58-a555-4960-916f-eac536dfc18a}</UniqueIdentifier>
    </Filter>
  </ItemGroup>
  <ItemGroup>
    <ClCompile Include="Empty.cpp">
      <Filter>Source Files</Filter>
    </ClCompile>
    <ClCompile Include="OpenCvDataset.cpp">
      <Filter>Source Files</Filter>
    </ClCompile>
    <ClCompile Include="ObservationExtractor.cpp">
      <Filter>Source Files</Filter>
    </ClCompile>
    <ClCompile Include="RandomSplitter.cpp">
      <Filter>Source Files</Filter>
    </ClCompile>
    <ClCompile Include="SplittedOpenCvDataset.cpp">
      <Filter>Source Files</Filter>
    </ClCompile>
    <ClCompile Include="ConfusionMatrix.cpp">
      <Filter>Source Files</Filter>
    </ClCompile>
    <ClCompile Include="ExcessiveTrainingRateException.cpp">
      <Filter>Source Files\Exceptions</Filter>
    </ClCompile>
    <ClCompile Include="NegativeTrainingRateException.cpp">
      <Filter>Source Files\Exceptions</Filter>
    </ClCompile>
    <ClCompile Include="EmptyOpenCvDatasetException.cpp">
      <Filter>Source Files\Exceptions</Filter>
    </ClCompile>
    <ClCompile Include="Svm.cpp">
      <Filter>Source Files\Classifiers</Filter>
    </ClCompile>
    <ClCompile Include="NotABinaryLabelException.cpp">
      <Filter>Source Files\Exceptions</Filter>
    </ClCompile>
  </ItemGroup>
  <ItemGroup>
    <ClInclude Include="Empty.h">
      <Filter>Header Files</Filter>
    </ClInclude>
    <ClInclude Include="OpenCvDataset.h">
      <Filter>Header Files</Filter>
    </ClInclude>
    <ClInclude Include="ObservationExtractor.h">
      <Filter>Header Files</Filter>
    </ClInclude>
    <ClInclude Include="RandomSplitter.h">
      <Filter>Header Files</Filter>
    </ClInclude>
    <ClInclude Include="SplittedOpevCvDataset.h">
      <Filter>Header Files</Filter>
    </ClInclude>
    <ClInclude Include="ConfusionMatrix.h">
      <Filter>Header Files</Filter>
    </ClInclude>
    <ClInclude Include="ExcessiveTrainingRateException.h">
      <Filter>Header Files\Exceptions</Filter>
    </ClInclude>
    <ClInclude Include="NegativeTrainingRateException.h">
      <Filter>Header Files\Exceptions</Filter>
    </ClInclude>
    <ClInclude Include="EmptyOpenCvDatasetException.h">
      <Filter>Header Files\Exceptions</Filter>
    </ClInclude>
    <ClInclude Include="IClassifier.h">
      <Filter>Header Files\Classifiers</Filter>
    </ClInclude>
    <ClInclude Include="Types.h">
      <Filter>Header Files</Filter>
    </ClInclude>
    <ClInclude Include="Svm.h">
      <Filter>Header Files\Classifiers</Filter>
    </ClInclude>
    <ClInclude Include="UnsupportedDatasetTypeException.h">
      <Filter>Header Files\Exceptions</Filter>
    </ClInclude>
    <ClInclude Include="NotABinaryLabelException.h">
      <Filter>Header Files\Exceptions</Filter>
    </ClInclude>
  </ItemGroup>
  <ItemGroup>
    <None Include="packages.config" />
  </ItemGroup>
</Project>