<?xml version="1.0" encoding="utf-8"?>
<Project ToolsVersion="4.0" xmlns="http://schemas.microsoft.com/developer/msbuild/2003">
  <ItemGroup>
    <Filter Include="Source Files">
      <UniqueIdentifier>{4FC737F1-C7A5-4376-A066-2A32D752A2FF}</UniqueIdentifier>
      <Extensions>cpp;c;cc;cxx;def;odl;idl;hpj;bat;asm;asmx</Extensions>
    </Filter>
    <Filter Include="Header Files">
      <UniqueIdentifier>{93995380-89BD-4b04-88EB-625FBE52EBFB}</UniqueIdentifier>
      <Extensions>h;hh;hpp;hxx;hm;inl;inc;xsd</Extensions>
    </Filter>
    <Filter Include="Resource Files">
      <UniqueIdentifier>{67DA6AB6-F800-4c08-8B7A-83BB121AAD01}</UniqueIdentifier>
      <Extensions>rc;ico;cur;bmp;dlg;rc2;rct;bin;rgs;gif;jpg;jpeg;jpe;resx;tiff;tif;png;wav;mfcribbon-ms</Extensions>
    </Filter>
    <Filter Include="Header Files\Methods">
      <UniqueIdentifier>{47e8120d-ddd3-48f5-bf18-9bdba834a274}</UniqueIdentifier>
    </Filter>
    <Filter Include="Source Files\Methods">
      <UniqueIdentifier>{a0380974-2435-491f-aa4a-f480a8823806}</UniqueIdentifier>
    </Filter>
    <Filter Include="Header Files\Results">
      <UniqueIdentifier>{c7412a3d-6292-4cbf-8445-e9554a6c2162}</UniqueIdentifier>
    </Filter>
    <Filter Include="Source Files\Results">
      <UniqueIdentifier>{78be55b1-2096-462d-971f-005a34efb2e5}</UniqueIdentifier>
    </Filter>
  </ItemGroup>
  <ItemGroup>
    <ClInclude Include="resource.h">
      <Filter>Header Files</Filter>
    </ClInclude>
    <ClInclude Include="Methods\Segmentation.h">
      <Filter>Header Files\Methods</Filter>
    </ClInclude>
    <ClInclude Include="Results\DivikResult.h">
      <Filter>Header Files\Results</Filter>
    </ClInclude>
  </ItemGroup>
  <ItemGroup>
    <ClCompile Include="Spectre.AlgorithmsCli.cpp">
      <Filter>Source Files</Filter>
    </ClCompile>
    <ClCompile Include="AssemblyInfo.cpp">
      <Filter>Source Files</Filter>
    </ClCompile>
    <ClCompile Include="Methods\Segmentation.cpp">
      <Filter>Source Files\Methods</Filter>
    </ClCompile>
    <ClCompile Include="Results\DivikResult.cpp">
      <Filter>Source Files\Results</Filter>
    </ClCompile>
  </ItemGroup>
  <ItemGroup>
    <Text Include="ReadMe.txt" />
  </ItemGroup>
  <ItemGroup>
    <ResourceCompile Include="app.rc">
      <Filter>Resource Files</Filter>
    </ResourceCompile>
  </ItemGroup>
  <ItemGroup>
    <Image Include="app.ico">
      <Filter>Resource Files</Filter>
    </Image>
  </ItemGroup>
  <ItemGroup>
    <None Include="packages.config" />
  </ItemGroup>
</Project>