
Microsoft Visual Studio Solution File, Format Version 12.00
# Visual Studio 14
VisualStudioVersion = 14.0.25420.1
MinimumVisualStudioVersion = 10.0.40219.1
Project("{FAE04EC0-301F-11D3-BF4B-00C04F79EFBC}") = "Spectre", "Spectre\Spectre.csproj", "{0E4F265B-8702-4D70-AB70-AA566D7A2E40}"
EndProject
Project("{FAE04EC0-301F-11D3-BF4B-00C04F79EFBC}") = "Spectre.Tests", "Spectre.Tests\Spectre.Tests.csproj", "{D0AF5823-2044-48DF-8982-EB1C86855112}"
EndProject
Project("{FAE04EC0-301F-11D3-BF4B-00C04F79EFBC}") = "Spectre.Algorithms", "Spectre.Algorithms\Spectre.Algorithms.csproj", "{9A886AEC-58DB-410D-91B9-C62E157501FA}"
EndProject
Global
	GlobalSection(SolutionConfigurationPlatforms) = preSolution
		Debug|Any CPU = Debug|Any CPU
		Release|Any CPU = Release|Any CPU
	EndGlobalSection
	GlobalSection(ProjectConfigurationPlatforms) = postSolution
		{0E4F265B-8702-4D70-AB70-AA566D7A2E40}.Debug|Any CPU.ActiveCfg = Debug|Any CPU
		{0E4F265B-8702-4D70-AB70-AA566D7A2E40}.Debug|Any CPU.Build.0 = Debug|Any CPU
		{0E4F265B-8702-4D70-AB70-AA566D7A2E40}.Release|Any CPU.ActiveCfg = Release|Any CPU
		{0E4F265B-8702-4D70-AB70-AA566D7A2E40}.Release|Any CPU.Build.0 = Release|Any CPU
		{D0AF5823-2044-48DF-8982-EB1C86855112}.Debug|Any CPU.ActiveCfg = Debug|Any CPU
		{D0AF5823-2044-48DF-8982-EB1C86855112}.Debug|Any CPU.Build.0 = Debug|Any CPU
		{D0AF5823-2044-48DF-8982-EB1C86855112}.Release|Any CPU.ActiveCfg = Release|Any CPU
		{D0AF5823-2044-48DF-8982-EB1C86855112}.Release|Any CPU.Build.0 = Release|Any CPU
		{9A886AEC-58DB-410D-91B9-C62E157501FA}.Debug|Any CPU.ActiveCfg = Debug|Any CPU
		{9A886AEC-58DB-410D-91B9-C62E157501FA}.Debug|Any CPU.Build.0 = Debug|Any CPU
		{9A886AEC-58DB-410D-91B9-C62E157501FA}.Release|Any CPU.ActiveCfg = Release|Any CPU
		{9A886AEC-58DB-410D-91B9-C62E157501FA}.Release|Any CPU.Build.0 = Release|Any CPU
	EndGlobalSection
	GlobalSection(SolutionProperties) = preSolution
		HideSolutionNode = FALSE
	EndGlobalSection
EndGlobal
